
Microsoft Visual Studio Solution File, Format Version 12.00
# Visual Studio Version 16
VisualStudioVersion = 16.0.31205.134
MinimumVisualStudioVersion = 10.0.40219.1
Project("{9A19103F-16F7-4668-BE54-9A1E7A4F7556}") = "OPZ.Tests", "OPZ.Tests\OPZ.Tests.csproj", "{E9C96BCB-EE49-434F-9A76-DC5E1DAF9759}"
EndProject
Project("{9A19103F-16F7-4668-BE54-9A1E7A4F7556}") = "OPZ.Library", "..\OPZ.Library\OPZ.Library\OPZ.Library.csproj", "{3E6D30B0-3686-4D35-939E-95E1CD3C3BF5}"
EndProject
Global
	GlobalSection(SolutionConfigurationPlatforms) = preSolution
		Debug|Any CPU = Debug|Any CPU
		Release|Any CPU = Release|Any CPU
	EndGlobalSection
	GlobalSection(ProjectConfigurationPlatforms) = postSolution
		{E9C96BCB-EE49-434F-9A76-DC5E1DAF9759}.Debug|Any CPU.ActiveCfg = Debug|Any CPU
		{E9C96BCB-EE49-434F-9A76-DC5E1DAF9759}.Debug|Any CPU.Build.0 = Debug|Any CPU
		{E9C96BCB-EE49-434F-9A76-DC5E1DAF9759}.Release|Any CPU.ActiveCfg = Release|Any CPU
		{E9C96BCB-EE49-434F-9A76-DC5E1DAF9759}.Release|Any CPU.Build.0 = Release|Any CPU
		{3E6D30B0-3686-4D35-939E-95E1CD3C3BF5}.Debug|Any CPU.ActiveCfg = Debug|Any CPU
		{3E6D30B0-3686-4D35-939E-95E1CD3C3BF5}.Debug|Any CPU.Build.0 = Debug|Any CPU
		{3E6D30B0-3686-4D35-939E-95E1CD3C3BF5}.Release|Any CPU.ActiveCfg = Release|Any CPU
		{3E6D30B0-3686-4D35-939E-95E1CD3C3BF5}.Release|Any CPU.Build.0 = Release|Any CPU
	EndGlobalSection
	GlobalSection(SolutionProperties) = preSolution
		HideSolutionNode = FALSE
	EndGlobalSection
	GlobalSection(ExtensibilityGlobals) = postSolution
		SolutionGuid = {95362389-B0BE-40CD-B032-CE4E530BC371}
	EndGlobalSection
EndGlobal
